
Microsoft Visual Studio Solution File, Format Version 12.00
# Visual Studio Version 16
VisualStudioVersion = 16.0.30804.86
MinimumVisualStudioVersion = 10.0.40219.1
Project("{FAE04EC0-301F-11D3-BF4B-00C04F79EFBC}") = "TwitterProject.Domain", "TwitterProject.Domain\TwitterProject.Domain.csproj", "{62D02367-6948-45D4-80A7-96CE4F034D57}"
EndProject
Project("{2150E333-8FDC-42A3-9474-1A3956D46DE8}") = "Solution Items", "Solution Items", "{691BA0FE-6C42-487D-A0C8-044A0215CD6F}"
	ProjectSection(SolutionItems) = preProject
		ReadMe.txt = ReadMe.txt
	EndProjectSection
EndProject
Global
	GlobalSection(SolutionConfigurationPlatforms) = preSolution
		Debug|Any CPU = Debug|Any CPU
		Release|Any CPU = Release|Any CPU
	EndGlobalSection
	GlobalSection(ProjectConfigurationPlatforms) = postSolution
		{62D02367-6948-45D4-80A7-96CE4F034D57}.Debug|Any CPU.ActiveCfg = Debug|Any CPU
		{62D02367-6948-45D4-80A7-96CE4F034D57}.Debug|Any CPU.Build.0 = Debug|Any CPU
		{62D02367-6948-45D4-80A7-96CE4F034D57}.Release|Any CPU.ActiveCfg = Release|Any CPU
		{62D02367-6948-45D4-80A7-96CE4F034D57}.Release|Any CPU.Build.0 = Release|Any CPU
	EndGlobalSection
	GlobalSection(SolutionProperties) = preSolution
		HideSolutionNode = FALSE
	EndGlobalSection
	GlobalSection(ExtensibilityGlobals) = postSolution
		SolutionGuid = {341378F0-043A-45C7-B5C9-EE33879AB5F2}
	EndGlobalSection
EndGlobal
